
Microsoft Visual Studio Solution File, Format Version 12.00
# Visual Studio Version 17
VisualStudioVersion = 17.3.32929.385
MinimumVisualStudioVersion = 10.0.40219.1
Project("{FAE04EC0-301F-11D3-BF4B-00C04F79EFBC}") = "PROG8051 Week 5 Lec 1 Sec 7", "PROG8051 Week 5 Lec 1 Sec 7\PROG8051 Week 5 Lec 1 Sec 7.csproj", "{83750B2F-D4F9-45DC-A757-610E1A753606}"
EndProject
Global
	GlobalSection(SolutionConfigurationPlatforms) = preSolution
		Debug|Any CPU = Debug|Any CPU
		Release|Any CPU = Release|Any CPU
	EndGlobalSection
	GlobalSection(ProjectConfigurationPlatforms) = postSolution
		{83750B2F-D4F9-45DC-A757-610E1A753606}.Debug|Any CPU.ActiveCfg = Debug|Any CPU
		{83750B2F-D4F9-45DC-A757-610E1A753606}.Debug|Any CPU.Build.0 = Debug|Any CPU
		{83750B2F-D4F9-45DC-A757-610E1A753606}.Release|Any CPU.ActiveCfg = Release|Any CPU
		{83750B2F-D4F9-45DC-A757-610E1A753606}.Release|Any CPU.Build.0 = Release|Any CPU
	EndGlobalSection
	GlobalSection(SolutionProperties) = preSolution
		HideSolutionNode = FALSE
	EndGlobalSection
	GlobalSection(ExtensibilityGlobals) = postSolution
		SolutionGuid = {FEB13FD9-D1B2-41FD-A23F-EF82B1E2B6C6}
	EndGlobalSection
EndGlobal
